{
  "name": "ai-incident-law",
  "version": "0.3.0",
  "lockfileVersion": 3,
  "requires": true,
  "packages": {
    "": {
      "name": "ai-incident-law",
      "version": "0.3.0",
      "license": "MIT",
      "bin": {
        "ai-incident-law": "scripts/mcp-server.js"
      },
      "engines": {
        "node": ">=20"
      }
    }
  }
}
